# This file is generated by running "yarn install" inside your project.
# Manual changes might be lost - proceed with caution!

__metadata:
  version: 8
  cacheKey: 10c0

"@oxc-jest/monorepo@workspace:.":
  version: 0.0.0-use.local
  resolution: "@oxc-jest/monorepo@workspace:."
  dependencies:
    oxlint: "npm:^0.4.4"
  languageName: unknown
  linkType: soft

"@oxlint/darwin-arm64@npm:0.4.4":
  version: 0.4.4
  resolution: "@oxlint/darwin-arm64@npm:0.4.4"
  conditions: os=darwin & cpu=arm64
  languageName: node
  linkType: hard

"@oxlint/darwin-x64@npm:0.4.4":
  version: 0.4.4
  resolution: "@oxlint/darwin-x64@npm:0.4.4"
  conditions: os=darwin & cpu=x64
  languageName: node
  linkType: hard

"@oxlint/linux-arm64-gnu@npm:0.4.4":
  version: 0.4.4
  resolution: "@oxlint/linux-arm64-gnu@npm:0.4.4"
  conditions: os=linux & cpu=arm64 & libc=glibc
  languageName: node
  linkType: hard

"@oxlint/linux-arm64-musl@npm:0.4.4":
  version: 0.4.4
  resolution: "@oxlint/linux-arm64-musl@npm:0.4.4"
  conditions: os=linux & cpu=arm64 & libc=musl
  languageName: node
  linkType: hard

"@oxlint/linux-x64-gnu@npm:0.4.4":
  version: 0.4.4
  resolution: "@oxlint/linux-x64-gnu@npm:0.4.4"
  conditions: os=linux & cpu=x64 & libc=glibc
  languageName: node
  linkType: hard

"@oxlint/linux-x64-musl@npm:0.4.4":
  version: 0.4.4
  resolution: "@oxlint/linux-x64-musl@npm:0.4.4"
  conditions: os=linux & cpu=x64 & libc=musl
  languageName: node
  linkType: hard

"@oxlint/win32-arm64@npm:0.4.4":
  version: 0.4.4
  resolution: "@oxlint/win32-arm64@npm:0.4.4"
  conditions: os=win32 & cpu=arm64
  languageName: node
  linkType: hard

"@oxlint/win32-x64@npm:0.4.4":
  version: 0.4.4
  resolution: "@oxlint/win32-x64@npm:0.4.4"
  conditions: os=win32 & cpu=x64
  languageName: node
  linkType: hard

"oxlint@npm:^0.4.4":
  version: 0.4.4
  resolution: "oxlint@npm:0.4.4"
  dependencies:
    "@oxlint/darwin-arm64": "npm:0.4.4"
    "@oxlint/darwin-x64": "npm:0.4.4"
    "@oxlint/linux-arm64-gnu": "npm:0.4.4"
    "@oxlint/linux-arm64-musl": "npm:0.4.4"
    "@oxlint/linux-x64-gnu": "npm:0.4.4"
    "@oxlint/linux-x64-musl": "npm:0.4.4"
    "@oxlint/win32-arm64": "npm:0.4.4"
    "@oxlint/win32-x64": "npm:0.4.4"
  dependenciesMeta:
    "@oxlint/darwin-arm64":
      optional: true
    "@oxlint/darwin-x64":
      optional: true
    "@oxlint/linux-arm64-gnu":
      optional: true
    "@oxlint/linux-arm64-musl":
      optional: true
    "@oxlint/linux-x64-gnu":
      optional: true
    "@oxlint/linux-x64-musl":
      optional: true
    "@oxlint/win32-arm64":
      optional: true
    "@oxlint/win32-x64":
      optional: true
  bin:
    oxlint: bin/oxlint
  checksum: 10c0/fb44a9d9eb80f9867d13a992c6416eee97bcad5794eb1cc90b00856b4ff79a0214a03400b3f6eb3478ce01ea770e8eb2aba5c0266caf1dd93095412f40b06f10
  languageName: node
  linkType: hard
